<?xml version="1.0" encoding="utf-8"?>
<Project ToolsVersion="4.0" xmlns="http://schemas.microsoft.com/developer/msbuild/2003">
  <ItemGroup>
    <Filter Include="Source Files">
      <UniqueIdentifier>{65f439a3-1bf2-4cab-9b6e-9683e5e04524}</UniqueIdentifier>
      <Extensions>cpp;c;cxx;rc;def;r;odl;idl;hpj;bat;for;f90</Extensions>
    </Filter>
    <Filter Include="Header Files">
      <UniqueIdentifier>{1e343aec-2e96-4e45-8534-5ff22b226049}</UniqueIdentifier>
      <Extensions>h;hpp;hxx;hm;inl;fi;fd</Extensions>
    </Filter>
    <Filter Include="Resource Files">
      <UniqueIdentifier>{68dcf0e4-eb5c-4320-a7b8-cb21beb35046}</UniqueIdentifier>
      <Extensions>ico;cur;bmp;dlg;rc2;rct;bin;cnt;rtf;gif;jpg;jpeg;jpe</Extensions>
    </Filter>
  </ItemGroup>
  <ItemGroup>
    <ClCompile Include="ChildFrm.cpp">
      <Filter>Source Files</Filter>
    </ClCompile>
    <ClCompile Include="MainFrm.cpp">
      <Filter>Source Files</Filter>
    </ClCompile>
    <ClCompile Include="MakeTex.cpp">
      <Filter>Source Files</Filter>
    </ClCompile>
    <ClCompile Include="Mtx.cpp">
      <Filter>Source Files</Filter>
    </ClCompile>
    <ClCompile Include="PixMap.cpp">
      <Filter>Source Files</Filter>
    </ClCompile>
    <ClCompile Include="Planet.cpp">
      <Filter>Source Files</Filter>
    </ClCompile>
    <ClCompile Include="PlanetDlg.cpp">
      <Filter>Source Files</Filter>
    </ClCompile>
    <ClCompile Include="PlanetDoc.cpp">
      <Filter>Source Files</Filter>
    </ClCompile>
    <ClCompile Include="PlanetView.cpp">
      <Filter>Source Files</Filter>
    </ClCompile>
    <ClCompile Include="PlanFunc.cpp">
      <Filter>Source Files</Filter>
    </ClCompile>
    <ClCompile Include="Power.cpp">
      <Filter>Source Files</Filter>
    </ClCompile>
    <ClCompile Include="Random.cpp">
      <Filter>Source Files</Filter>
    </ClCompile>
    <ClCompile Include="StdAfx.cpp">
      <Filter>Source Files</Filter>
    </ClCompile>
    <ClCompile Include="TexDlg.cpp">
      <Filter>Source Files</Filter>
    </ClCompile>
    <ClCompile Include="TexList.cpp">
      <Filter>Source Files</Filter>
    </ClCompile>
    <ClCompile Include="TextDlg.cpp">
      <Filter>Source Files</Filter>
    </ClCompile>
    <ClCompile Include="Texture.cpp">
      <Filter>Source Files</Filter>
    </ClCompile>
  </ItemGroup>
  <ItemGroup>
    <ResourceCompile Include="Planet.rc">
      <Filter>Source Files</Filter>
    </ResourceCompile>
  </ItemGroup>
  <ItemGroup>
    <ClInclude Include="ChildFrm.h">
      <Filter>Header Files</Filter>
    </ClInclude>
    <ClInclude Include="MainFrm.h">
      <Filter>Header Files</Filter>
    </ClInclude>
    <ClInclude Include="MakeTex.h">
      <Filter>Header Files</Filter>
    </ClInclude>
    <ClInclude Include="Mtx.h">
      <Filter>Header Files</Filter>
    </ClInclude>
    <ClInclude Include="PixMap.h">
      <Filter>Header Files</Filter>
    </ClInclude>
    <ClInclude Include="Planet.h">
      <Filter>Header Files</Filter>
    </ClInclude>
    <ClInclude Include="PlanetDlg.h">
      <Filter>Header Files</Filter>
    </ClInclude>
    <ClInclude Include="PlanetDoc.h">
      <Filter>Header Files</Filter>
    </ClInclude>
    <ClInclude Include="PlanetView.h">
      <Filter>Header Files</Filter>
    </ClInclude>
    <ClInclude Include="PlanFunc.h">
      <Filter>Header Files</Filter>
    </ClInclude>
    <ClInclude Include="Power.h">
      <Filter>Header Files</Filter>
    </ClInclude>
    <ClInclude Include="Random.h">
      <Filter>Header Files</Filter>
    </ClInclude>
    <ClInclude Include="resource.h">
      <Filter>Header Files</Filter>
    </ClInclude>
    <ClInclude Include="StdAfx.h">
      <Filter>Header Files</Filter>
    </ClInclude>
    <ClInclude Include="TexDlg.h">
      <Filter>Header Files</Filter>
    </ClInclude>
    <ClInclude Include="TexList.h">
      <Filter>Header Files</Filter>
    </ClInclude>
    <ClInclude Include="TextDlg.h">
      <Filter>Header Files</Filter>
    </ClInclude>
    <ClInclude Include="Texture.h">
      <Filter>Header Files</Filter>
    </ClInclude>
  </ItemGroup>
  <ItemGroup>
    <Image Include="res\Planet.ico">
      <Filter>Resource Files</Filter>
    </Image>
    <Image Include="res\PlanetDoc.ico">
      <Filter>Resource Files</Filter>
    </Image>
    <Image Include="res\Toolbar.bmp">
      <Filter>Resource Files</Filter>
    </Image>
  </ItemGroup>
  <ItemGroup>
    <CustomBuild Include="res\Planet.rc2">
      <Filter>Resource Files</Filter>
    </CustomBuild>
  </ItemGroup>
</Project>